
Microsoft Visual Studio Solution File, Format Version 12.00
# Visual Studio Version 16
VisualStudioVersion = 16.0.29806.167
MinimumVisualStudioVersion = 10.0.40219.1
Project("{FAE04EC0-301F-11D3-BF4B-00C04F79EFBC}") = "DDD.CarRentalConsole", "DDD.CarRentalConsole\DDD.CarRentalConsole.csproj", "{6FC48700-51A1-41CC-AE3E-CB65DB2BF237}"
EndProject
Project("{FAE04EC0-301F-11D3-BF4B-00C04F79EFBC}") = "DDD.CarRentalLib", "..\DDD.CarRentalLib\DDD.CarRentalLib.csproj", "{F7B3169A-5FBC-43DC-9F74-A107D558EE83}"
EndProject
Project("{9A19103F-16F7-4668-BE54-9A1E7A4F7556}") = "DDD.Base", "..\DDD.Base\DDD.Base.csproj", "{028ABF13-352E-4E6E-92F1-3E61B08F4DBF}"
EndProject
Global
	GlobalSection(SolutionConfigurationPlatforms) = preSolution
		Debug|Any CPU = Debug|Any CPU
		Release|Any CPU = Release|Any CPU
	EndGlobalSection
	GlobalSection(ProjectConfigurationPlatforms) = postSolution
		{6FC48700-51A1-41CC-AE3E-CB65DB2BF237}.Debug|Any CPU.ActiveCfg = Debug|Any CPU
		{6FC48700-51A1-41CC-AE3E-CB65DB2BF237}.Debug|Any CPU.Build.0 = Debug|Any CPU
		{6FC48700-51A1-41CC-AE3E-CB65DB2BF237}.Release|Any CPU.ActiveCfg = Release|Any CPU
		{6FC48700-51A1-41CC-AE3E-CB65DB2BF237}.Release|Any CPU.Build.0 = Release|Any CPU
		{F7B3169A-5FBC-43DC-9F74-A107D558EE83}.Debug|Any CPU.ActiveCfg = Debug|Any CPU
		{F7B3169A-5FBC-43DC-9F74-A107D558EE83}.Debug|Any CPU.Build.0 = Debug|Any CPU
		{F7B3169A-5FBC-43DC-9F74-A107D558EE83}.Release|Any CPU.ActiveCfg = Release|Any CPU
		{F7B3169A-5FBC-43DC-9F74-A107D558EE83}.Release|Any CPU.Build.0 = Release|Any CPU
		{028ABF13-352E-4E6E-92F1-3E61B08F4DBF}.Debug|Any CPU.ActiveCfg = Debug|Any CPU
		{028ABF13-352E-4E6E-92F1-3E61B08F4DBF}.Debug|Any CPU.Build.0 = Debug|Any CPU
		{028ABF13-352E-4E6E-92F1-3E61B08F4DBF}.Release|Any CPU.ActiveCfg = Release|Any CPU
		{028ABF13-352E-4E6E-92F1-3E61B08F4DBF}.Release|Any CPU.Build.0 = Release|Any CPU
	EndGlobalSection
	GlobalSection(SolutionProperties) = preSolution
		HideSolutionNode = FALSE
	EndGlobalSection
	GlobalSection(ExtensibilityGlobals) = postSolution
		SolutionGuid = {6DE05B20-00BB-4D32-AEC3-BD326DEC4AF2}
	EndGlobalSection
EndGlobal
