
Microsoft Visual Studio Solution File, Format Version 12.00
# Visual Studio Version 16
VisualStudioVersion = 16.0.29806.167
MinimumVisualStudioVersion = 10.0.40219.1
Project("{FAE04EC0-301F-11D3-BF4B-00C04F79EFBC}") = "EmailTree", "EmailTree\EmailTree.csproj", "{BE214C8A-4994-4904-89C2-0C2529ACDC13}"
EndProject
Global
	GlobalSection(SolutionConfigurationPlatforms) = preSolution
		Debug|Any CPU = Debug|Any CPU
		Release|Any CPU = Release|Any CPU
	EndGlobalSection
	GlobalSection(ProjectConfigurationPlatforms) = postSolution
		{BE214C8A-4994-4904-89C2-0C2529ACDC13}.Debug|Any CPU.ActiveCfg = Debug|Any CPU
		{BE214C8A-4994-4904-89C2-0C2529ACDC13}.Debug|Any CPU.Build.0 = Debug|Any CPU
		{BE214C8A-4994-4904-89C2-0C2529ACDC13}.Release|Any CPU.ActiveCfg = Release|Any CPU
		{BE214C8A-4994-4904-89C2-0C2529ACDC13}.Release|Any CPU.Build.0 = Release|Any CPU
	EndGlobalSection
	GlobalSection(SolutionProperties) = preSolution
		HideSolutionNode = FALSE
	EndGlobalSection
	GlobalSection(ExtensibilityGlobals) = postSolution
		SolutionGuid = {3737C10B-7F1B-432F-A666-B15F6D502A17}
	EndGlobalSection
EndGlobal
