
Microsoft Visual Studio Solution File, Format Version 12.00
# Visual Studio Version 16
VisualStudioVersion = 16.0.29806.167
MinimumVisualStudioVersion = 10.0.40219.1
Project("{9A19103F-16F7-4668-BE54-9A1E7A4F7556}") = "CarRentalConsole", "CarRentalConsole\CarRentalConsole.csproj", "{FCC01E34-5E84-4B2F-A1AF-BC2BF78313DB}"
EndProject
Project("{9A19103F-16F7-4668-BE54-9A1E7A4F7556}") = "CarRental", "..\CarRental\CarRental\CarRental.csproj", "{05407B84-051F-4A5F-8999-CF664D0AB925}"
EndProject
Global
	GlobalSection(SolutionConfigurationPlatforms) = preSolution
		Debug|Any CPU = Debug|Any CPU
		Release|Any CPU = Release|Any CPU
	EndGlobalSection
	GlobalSection(ProjectConfigurationPlatforms) = postSolution
		{FCC01E34-5E84-4B2F-A1AF-BC2BF78313DB}.Debug|Any CPU.ActiveCfg = Debug|Any CPU
		{FCC01E34-5E84-4B2F-A1AF-BC2BF78313DB}.Debug|Any CPU.Build.0 = Debug|Any CPU
		{FCC01E34-5E84-4B2F-A1AF-BC2BF78313DB}.Release|Any CPU.ActiveCfg = Release|Any CPU
		{FCC01E34-5E84-4B2F-A1AF-BC2BF78313DB}.Release|Any CPU.Build.0 = Release|Any CPU
		{05407B84-051F-4A5F-8999-CF664D0AB925}.Debug|Any CPU.ActiveCfg = Debug|Any CPU
		{05407B84-051F-4A5F-8999-CF664D0AB925}.Debug|Any CPU.Build.0 = Debug|Any CPU
		{05407B84-051F-4A5F-8999-CF664D0AB925}.Release|Any CPU.ActiveCfg = Release|Any CPU
		{05407B84-051F-4A5F-8999-CF664D0AB925}.Release|Any CPU.Build.0 = Release|Any CPU
	EndGlobalSection
	GlobalSection(SolutionProperties) = preSolution
		HideSolutionNode = FALSE
	EndGlobalSection
	GlobalSection(ExtensibilityGlobals) = postSolution
		SolutionGuid = {2170F522-88BA-4606-9004-9E97E9090145}
	EndGlobalSection
EndGlobal
